{
  "version": 4,
  "terraform_version": "0.13.4",
  "serial": 95,
  "lineage": "d6318ce9-794c-6017-5e7e-de23809a3e04",
  "outputs": {},
  "resources": [
    {
      "mode": "data",
      "type": "azurerm_storage_account_sas",
      "name": "storage_sas",
      "provider": "provider[\"registry.terraform.io/hashicorp/azurerm\"]",
      "instances": [
        {
          "schema_version": 0,
          "attributes": {
            "connection_string": "DefaultEndpointsProtocol=https;AccountName=hdrzjxep5c53pa9u;AccountKey=nro194jbuOPQ5c9LTUCTtpbZPiNBKHYW4iHjKQzzYd0Y9kEKnYIB1dDOhYdjdzat0t49TBAarx/xX9eHOMHnAw==;EndpointSuffix=core.windows.net",
            "expiry": "2028-03-21",
            "https_only": false,
            "id": "c73aeb4c5243c5de448cfd09947fd80a43a92194a0321dcf373526c69116bb6b",
            "permissions": [
              {
                "add": false,
                "create": false,
                "delete": false,
                "list": false,
                "process": false,
                "read": true,
                "update": false,
                "write": false
              }
            ],
            "resource_types": [
              {
                "container": false,
                "object": true,
                "service": false
              }
            ],
            "sas": "?sv=2017-07-29\u0026ss=b\u0026srt=o\u0026sp=r\u0026se=2028-03-21\u0026st=2018-03-21\u0026spr=https,http\u0026sig=zNidvOuigH88keuzxEt0f3uc08sqjSjh%2Bv7CPqom%2FFY%3D",
            "services": [
              {
                "blob": true,
                "file": false,
                "queue": false,
                "table": false
              }
            ],
            "signed_version": "2017-07-29",
            "start": "2018-03-21",
            "timeouts": null
          }
        }
      ]
    },
    {
      "mode": "managed",
      "type": "azurerm_app_service_plan",
      "name": "plan",
      "provider": "provider[\"registry.terraform.io/hashicorp/azurerm\"]",
      "instances": [
        {
          "schema_version": 0,
          "attributes": {
            "app_service_environment_id": "",
            "id": "/subscriptions/02d0e06b-ed9d-4ca5-bb9f-0a0243a9c9f2/resourceGroups/AzureFunction/providers/Microsoft.Web/serverfarms/iIROmUtFLAUDfZL7",
            "is_xenon": false,
            "kind": "functionapp",
            "location": "westeurope",
            "maximum_elastic_worker_count": 1,
            "maximum_number_of_workers": 0,
            "name": "iIROmUtFLAUDfZL7",
            "per_site_scaling": false,
            "reserved": true,
            "resource_group_name": "AzureFunction",
            "sku": [
              {
                "capacity": 0,
                "size": "Y1",
                "tier": "Dynamic"
              }
            ],
            "tags": null,
            "timeouts": null
          },
          "private": "eyJlMmJmYjczMC1lY2FhLTExZTYtOGY4OC0zNDM2M2JjN2M0YzAiOnsiY3JlYXRlIjozNjAwMDAwMDAwMDAwLCJkZWxldGUiOjM2MDAwMDAwMDAwMDAsInJlYWQiOjMwMDAwMDAwMDAwMCwidXBkYXRlIjozNjAwMDAwMDAwMDAwfX0=",
          "dependencies": [
            "azurerm_resource_group.rg",
            "random_string.app_service_plan_name"
          ]
        }
      ]
    },
    {
      "mode": "managed",
      "type": "azurerm_cosmosdb_account",
      "name": "acc",
      "provider": "provider[\"registry.terraform.io/hashicorp/azurerm\"]",
      "instances": [
        {
          "schema_version": 0,
          "attributes": {
            "capabilities": [],
            "connection_strings": [
              "AccountEndpoint=https://mkaesz-cosmos.documents.azure.com:443/;AccountKey=M30N2tOr9iQnXBH0lZNCAi3FFW8Ne2dyuPkBB5rpYp4Hkd1GeNRS88C0QE0Ae8WI01x75brre8U2UKtFdL9K5g==;",
              "AccountEndpoint=https://mkaesz-cosmos.documents.azure.com:443/;AccountKey=RCLM42I2C39unmfAi7FMHz5UNQdMi0vC1USsc14V3W3ui44PW3tpPeKER97bd23Up5bJ5XUQn1dfb05TPhDZ2Q==;",
              "AccountEndpoint=https://mkaesz-cosmos.documents.azure.com:443/;AccountKey=7PFnvKgEwR7HYGf5UG1pg2IjDfHYqWWD3jBTfFR2XBKjXHlq7uDFELExZSVy0e4K8Rx0r9GdLq4sQX7hA5cVSA==;",
              "AccountEndpoint=https://mkaesz-cosmos.documents.azure.com:443/;AccountKey=5CkacyqvKg0Kfc15rKspv2kgdicPFBjM8gtYkYtNp9sWbYKjZS2bCoLlbLx0GFVhVuA9NRuGkOd6GFxBbflSkA==;"
            ],
            "consistency_policy": [
              {
                "consistency_level": "Session",
                "max_interval_in_seconds": 5,
                "max_staleness_prefix": 100
              }
            ],
            "enable_automatic_failover": true,
            "enable_free_tier": false,
            "enable_multiple_write_locations": false,
            "endpoint": "https://mkaesz-cosmos.documents.azure.com:443/",
            "geo_location": [
              {
                "failover_priority": 0,
                "id": "mkaesz-cosmos-westeurope",
                "location": "westeurope",
                "prefix": "",
                "zone_redundant": false
              },
              {
                "failover_priority": 1,
                "id": "mkaesz-cosmos-australiasoutheast",
                "location": "australiasoutheast",
                "prefix": "",
                "zone_redundant": false
              }
            ],
            "id": "/subscriptions/02d0e06b-ed9d-4ca5-bb9f-0a0243a9c9f2/resourceGroups/AzureFunction/providers/Microsoft.DocumentDB/databaseAccounts/mkaesz-cosmos",
            "ip_range_filter": "",
            "is_virtual_network_filter_enabled": false,
            "kind": "GlobalDocumentDB",
            "location": "westeurope",
            "name": "mkaesz-cosmos",
            "offer_type": "Standard",
            "primary_key": "M30N2tOr9iQnXBH0lZNCAi3FFW8Ne2dyuPkBB5rpYp4Hkd1GeNRS88C0QE0Ae8WI01x75brre8U2UKtFdL9K5g==",
            "primary_master_key": "M30N2tOr9iQnXBH0lZNCAi3FFW8Ne2dyuPkBB5rpYp4Hkd1GeNRS88C0QE0Ae8WI01x75brre8U2UKtFdL9K5g==",
            "primary_readonly_key": "7PFnvKgEwR7HYGf5UG1pg2IjDfHYqWWD3jBTfFR2XBKjXHlq7uDFELExZSVy0e4K8Rx0r9GdLq4sQX7hA5cVSA==",
            "primary_readonly_master_key": "7PFnvKgEwR7HYGf5UG1pg2IjDfHYqWWD3jBTfFR2XBKjXHlq7uDFELExZSVy0e4K8Rx0r9GdLq4sQX7hA5cVSA==",
            "read_endpoints": [
              "https://mkaesz-cosmos-westeurope.documents.azure.com:443/",
              "https://mkaesz-cosmos-australiasoutheast.documents.azure.com:443/"
            ],
            "resource_group_name": "AzureFunction",
            "secondary_key": "RCLM42I2C39unmfAi7FMHz5UNQdMi0vC1USsc14V3W3ui44PW3tpPeKER97bd23Up5bJ5XUQn1dfb05TPhDZ2Q==",
            "secondary_master_key": "RCLM42I2C39unmfAi7FMHz5UNQdMi0vC1USsc14V3W3ui44PW3tpPeKER97bd23Up5bJ5XUQn1dfb05TPhDZ2Q==",
            "secondary_readonly_key": "5CkacyqvKg0Kfc15rKspv2kgdicPFBjM8gtYkYtNp9sWbYKjZS2bCoLlbLx0GFVhVuA9NRuGkOd6GFxBbflSkA==",
            "secondary_readonly_master_key": "5CkacyqvKg0Kfc15rKspv2kgdicPFBjM8gtYkYtNp9sWbYKjZS2bCoLlbLx0GFVhVuA9NRuGkOd6GFxBbflSkA==",
            "tags": {},
            "timeouts": null,
            "virtual_network_rule": [],
            "write_endpoints": [
              "https://mkaesz-cosmos-westeurope.documents.azure.com:443/"
            ]
          },
          "private": "eyJlMmJmYjczMC1lY2FhLTExZTYtOGY4OC0zNDM2M2JjN2M0YzAiOnsiY3JlYXRlIjoxMDgwMDAwMDAwMDAwMCwiZGVsZXRlIjoxMDgwMDAwMDAwMDAwMCwicmVhZCI6MzAwMDAwMDAwMDAwLCJ1cGRhdGUiOjEwODAwMDAwMDAwMDAwfX0=",
          "dependencies": [
            "azurerm_resource_group.rg"
          ]
        }
      ]
    },
    {
      "mode": "managed",
      "type": "azurerm_cosmosdb_sql_container",
      "name": "con",
      "provider": "provider[\"registry.terraform.io/hashicorp/azurerm\"]",
      "instances": [
        {
          "schema_version": 1,
          "attributes": {
            "account_name": "mkaesz-cosmos",
            "autoscale_settings": [],
            "database_name": "products",
            "default_ttl": null,
            "id": "/subscriptions/02d0e06b-ed9d-4ca5-bb9f-0a0243a9c9f2/resourceGroups/AzureFunction/providers/Microsoft.DocumentDB/databaseAccounts/mkaesz-cosmos/sqlDatabases/products/containers/clothes",
            "indexing_policy": [
              {
                "excluded_path": [],
                "included_path": [
                  {
                    "path": "/*"
                  }
                ],
                "indexing_mode": "consistent"
              }
            ],
            "name": "clothes",
            "partition_key_path": "/clothesId",
            "resource_group_name": "AzureFunction",
            "throughput": 400,
            "timeouts": null,
            "unique_key": []
          },
          "private": "eyJlMmJmYjczMC1lY2FhLTExZTYtOGY4OC0zNDM2M2JjN2M0YzAiOnsiY3JlYXRlIjoxODAwMDAwMDAwMDAwLCJkZWxldGUiOjE4MDAwMDAwMDAwMDAsInJlYWQiOjMwMDAwMDAwMDAwMCwidXBkYXRlIjoxODAwMDAwMDAwMDAwfSwic2NoZW1hX3ZlcnNpb24iOiIxIn0=",
          "dependencies": [
            "azurerm_cosmosdb_account.acc",
            "azurerm_cosmosdb_sql_database.db",
            "azurerm_resource_group.rg"
          ]
        }
      ]
    },
    {
      "mode": "managed",
      "type": "azurerm_cosmosdb_sql_database",
      "name": "db",
      "provider": "provider[\"registry.terraform.io/hashicorp/azurerm\"]",
      "instances": [
        {
          "schema_version": 1,
          "attributes": {
            "account_name": "mkaesz-cosmos",
            "autoscale_settings": [],
            "id": "/subscriptions/02d0e06b-ed9d-4ca5-bb9f-0a0243a9c9f2/resourceGroups/AzureFunction/providers/Microsoft.DocumentDB/databaseAccounts/mkaesz-cosmos/sqlDatabases/products",
            "name": "products",
            "resource_group_name": "AzureFunction",
            "throughput": 0,
            "timeouts": null
          },
          "private": "eyJlMmJmYjczMC1lY2FhLTExZTYtOGY4OC0zNDM2M2JjN2M0YzAiOnsiY3JlYXRlIjoxODAwMDAwMDAwMDAwLCJkZWxldGUiOjE4MDAwMDAwMDAwMDAsInJlYWQiOjMwMDAwMDAwMDAwMCwidXBkYXRlIjoxODAwMDAwMDAwMDAwfSwic2NoZW1hX3ZlcnNpb24iOiIxIn0=",
          "dependencies": [
            "azurerm_cosmosdb_account.acc",
            "azurerm_resource_group.rg"
          ]
        }
      ]
    },
    {
      "mode": "managed",
      "type": "azurerm_function_app",
      "name": "function2",
      "provider": "provider[\"registry.terraform.io/hashicorp/azurerm\"]",
      "instances": [
        {
          "schema_version": 0,
          "attributes": {
            "app_service_plan_id": "/subscriptions/02d0e06b-ed9d-4ca5-bb9f-0a0243a9c9f2/resourceGroups/AzureFunction/providers/Microsoft.Web/serverfarms/iIROmUtFLAUDfZL7",
            "app_settings": {
              "COSMOSDB_CONNECTION_STRING": "AccountEndpoint=https://mkaesz-cosmos.documents.azure.com:443/;AccountKey=M30N2tOr9iQnXBH0lZNCAi3FFW8Ne2dyuPkBB5rpYp4Hkd1GeNRS88C0QE0Ae8WI01x75brre8U2UKtFdL9K5g==;",
              "FUNCTIONS_EXTENSION_VERSION": "~3",
              "FUNCTIONS_WORKER_RUNTIME": "python",
              "FUNCTION_APP_EDIT_MODE": "readonly",
              "HASH": "OWNmODVhZGFkZTkzMzU1Yzg0NTdiMTMzYzFlMWU0OWI3NzJhMGE3NWU4OTE0Y2VlMzJkOGJkZTIzYWQzYzIzZQ==",
              "WEBSITE_CONTENTAZUREFILECONNECTIONSTRING": "DefaultEndpointsProtocol=https;AccountName=hdrzjxep5c53pa9u;AccountKey=nro194jbuOPQ5c9LTUCTtpbZPiNBKHYW4iHjKQzzYd0Y9kEKnYIB1dDOhYdjdzat0t49TBAarx/xX9eHOMHnAw==;EndpointSuffix=core.windows.net",
              "WEBSITE_CONTENTSHARE": "hdrzjxep5c53pa9u-content",
              "WEBSITE_RUN_FROM_PACKAGE": "https://hdrzjxep5c53pa9u.blob.core.windows.net/func/dist.zip?sv=2017-07-29\u0026ss=b\u0026srt=o\u0026sp=r\u0026se=2028-03-21\u0026st=2018-03-21\u0026spr=https,http\u0026sig=zNidvOuigH88keuzxEt0f3uc08sqjSjh%2Bv7CPqom%2FFY%3D",
              "https_only": "true"
            },
            "auth_settings": [
              {
                "active_directory": [],
                "additional_login_params": {},
                "allowed_external_redirect_urls": [],
                "default_provider": "",
                "enabled": false,
                "facebook": [],
                "google": [],
                "issuer": "",
                "microsoft": [],
                "runtime_version": "",
                "token_refresh_extension_hours": 0,
                "token_store_enabled": false,
                "twitter": [],
                "unauthenticated_client_action": ""
              }
            ],
            "client_affinity_enabled": false,
            "connection_string": [],
            "daily_memory_time_quota": 0,
            "default_hostname": "hdrzjxep5c53pa9u.azurewebsites.net",
            "enable_builtin_logging": true,
            "enabled": true,
            "https_only": false,
            "id": "/subscriptions/02d0e06b-ed9d-4ca5-bb9f-0a0243a9c9f2/resourceGroups/AzureFunction/providers/Microsoft.Web/sites/hdrzjxep5c53pa9u",
            "identity": [],
            "kind": "functionapp,linux",
            "location": "westeurope",
            "name": "hdrzjxep5c53pa9u",
            "os_type": "linux",
            "outbound_ip_addresses": "13.69.68.43,13.94.143.214,13.94.150.186,13.94.151.22,13.69.121.116",
            "possible_outbound_ip_addresses": "13.69.68.43,13.94.143.214,13.94.150.186,13.94.151.22,13.69.121.116,13.94.137.26,40.68.188.89,13.94.142.40,13.94.144.225,104.214.221.75",
            "resource_group_name": "AzureFunction",
            "site_config": [
              {
                "always_on": false,
                "auto_swap_slot_name": "",
                "cors": [
                  {
                    "allowed_origins": [
                      "https://functions-next.azure.com",
                      "https://functions-staging.azure.com",
                      "https://functions.azure.com"
                    ],
                    "support_credentials": false
                  }
                ],
                "ftps_state": "AllAllowed",
                "http2_enabled": false,
                "ip_restriction": [],
                "linux_fx_version": "",
                "min_tls_version": "1.2",
                "pre_warmed_instance_count": 0,
                "scm_ip_restriction": [],
                "scm_type": "",
                "scm_use_main_ip_restriction": false,
                "use_32_bit_worker_process": false,
                "websockets_enabled": false
              }
            ],
            "site_credential": [
              {
                "password": "3CtuDedMLvh83zxywc0EzPgxZu2E9sM4hmFwijdEfeKk60RKBBMMks80eyhW",
                "username": "$hdrzjxep5c53pa9u"
              }
            ],
            "source_control": [
              {
                "branch": "master",
                "manual_integration": false,
                "repo_url": "",
                "rollback_enabled": false,
                "use_mercurial": false
              }
            ],
            "storage_account_access_key": "nro194jbuOPQ5c9LTUCTtpbZPiNBKHYW4iHjKQzzYd0Y9kEKnYIB1dDOhYdjdzat0t49TBAarx/xX9eHOMHnAw==",
            "storage_account_name": "hdrzjxep5c53pa9u",
            "storage_connection_string": "DefaultEndpointsProtocol=https;AccountName=hdrzjxep5c53pa9u;AccountKey=nro194jbuOPQ5c9LTUCTtpbZPiNBKHYW4iHjKQzzYd0Y9kEKnYIB1dDOhYdjdzat0t49TBAarx/xX9eHOMHnAw==;EndpointSuffix=core.windows.net",
            "tags": null,
            "timeouts": null,
            "version": "~3"
          },
          "private": "eyJlMmJmYjczMC1lY2FhLTExZTYtOGY4OC0zNDM2M2JjN2M0YzAiOnsiY3JlYXRlIjoxODAwMDAwMDAwMDAwLCJkZWxldGUiOjE4MDAwMDAwMDAwMDAsInJlYWQiOjMwMDAwMDAwMDAwMCwidXBkYXRlIjoxODAwMDAwMDAwMDAwfX0=",
          "dependencies": [
            "azurerm_app_service_plan.plan",
            "azurerm_cosmosdb_account.acc",
            "azurerm_resource_group.rg",
            "azurerm_storage_account.storage",
            "azurerm_storage_blob.storage_blob",
            "azurerm_storage_container.storage_container",
            "data.azurerm_storage_account_sas.storage_sas",
            "random_string.app_service_plan_name",
            "random_string.storage_name"
          ]
        }
      ]
    },
    {
      "mode": "managed",
      "type": "azurerm_resource_group",
      "name": "rg",
      "provider": "provider[\"registry.terraform.io/hashicorp/azurerm\"]",
      "instances": [
        {
          "schema_version": 0,
          "attributes": {
            "id": "/subscriptions/02d0e06b-ed9d-4ca5-bb9f-0a0243a9c9f2/resourceGroups/AzureFunction",
            "location": "westeurope",
            "name": "AzureFunction",
            "tags": {},
            "timeouts": null
          },
          "private": "eyJlMmJmYjczMC1lY2FhLTExZTYtOGY4OC0zNDM2M2JjN2M0YzAiOnsiY3JlYXRlIjo1NDAwMDAwMDAwMDAwLCJkZWxldGUiOjU0MDAwMDAwMDAwMDAsInJlYWQiOjMwMDAwMDAwMDAwMCwidXBkYXRlIjo1NDAwMDAwMDAwMDAwfX0="
        }
      ]
    },
    {
      "mode": "managed",
      "type": "azurerm_storage_account",
      "name": "storage",
      "provider": "provider[\"registry.terraform.io/hashicorp/azurerm\"]",
      "instances": [
        {
          "schema_version": 2,
          "attributes": {
            "access_tier": "Hot",
            "account_kind": "StorageV2",
            "account_replication_type": "LRS",
            "account_tier": "Standard",
            "allow_blob_public_access": false,
            "blob_properties": [],
            "custom_domain": [],
            "enable_https_traffic_only": true,
            "id": "/subscriptions/02d0e06b-ed9d-4ca5-bb9f-0a0243a9c9f2/resourceGroups/AzureFunction/providers/Microsoft.Storage/storageAccounts/hdrzjxep5c53pa9u",
            "identity": [],
            "is_hns_enabled": false,
            "large_file_share_enabled": null,
            "location": "westeurope",
            "min_tls_version": "TLS1_0",
            "name": "hdrzjxep5c53pa9u",
            "network_rules": [
              {
                "bypass": [
                  "AzureServices"
                ],
                "default_action": "Allow",
                "ip_rules": [],
                "virtual_network_subnet_ids": []
              }
            ],
            "primary_access_key": "nro194jbuOPQ5c9LTUCTtpbZPiNBKHYW4iHjKQzzYd0Y9kEKnYIB1dDOhYdjdzat0t49TBAarx/xX9eHOMHnAw==",
            "primary_blob_connection_string": "DefaultEndpointsProtocol=https;BlobEndpoint=https://hdrzjxep5c53pa9u.blob.core.windows.net/;AccountName=hdrzjxep5c53pa9u;AccountKey=nro194jbuOPQ5c9LTUCTtpbZPiNBKHYW4iHjKQzzYd0Y9kEKnYIB1dDOhYdjdzat0t49TBAarx/xX9eHOMHnAw==",
            "primary_blob_endpoint": "https://hdrzjxep5c53pa9u.blob.core.windows.net/",
            "primary_blob_host": "hdrzjxep5c53pa9u.blob.core.windows.net",
            "primary_connection_string": "DefaultEndpointsProtocol=https;AccountName=hdrzjxep5c53pa9u;AccountKey=nro194jbuOPQ5c9LTUCTtpbZPiNBKHYW4iHjKQzzYd0Y9kEKnYIB1dDOhYdjdzat0t49TBAarx/xX9eHOMHnAw==;EndpointSuffix=core.windows.net",
            "primary_dfs_endpoint": "https://hdrzjxep5c53pa9u.dfs.core.windows.net/",
            "primary_dfs_host": "hdrzjxep5c53pa9u.dfs.core.windows.net",
            "primary_file_endpoint": "https://hdrzjxep5c53pa9u.file.core.windows.net/",
            "primary_file_host": "hdrzjxep5c53pa9u.file.core.windows.net",
            "primary_location": "westeurope",
            "primary_queue_endpoint": "https://hdrzjxep5c53pa9u.queue.core.windows.net/",
            "primary_queue_host": "hdrzjxep5c53pa9u.queue.core.windows.net",
            "primary_table_endpoint": "https://hdrzjxep5c53pa9u.table.core.windows.net/",
            "primary_table_host": "hdrzjxep5c53pa9u.table.core.windows.net",
            "primary_web_endpoint": "https://hdrzjxep5c53pa9u.z6.web.core.windows.net/",
            "primary_web_host": "hdrzjxep5c53pa9u.z6.web.core.windows.net",
            "queue_properties": [
              {
                "cors_rule": [],
                "hour_metrics": [
                  {
                    "enabled": true,
                    "include_apis": true,
                    "retention_policy_days": 7,
                    "version": "1.0"
                  }
                ],
                "logging": [
                  {
                    "delete": false,
                    "read": false,
                    "retention_policy_days": 0,
                    "version": "1.0",
                    "write": false
                  }
                ],
                "minute_metrics": [
                  {
                    "enabled": false,
                    "include_apis": false,
                    "retention_policy_days": 0,
                    "version": "1.0"
                  }
                ]
              }
            ],
            "resource_group_name": "AzureFunction",
            "secondary_access_key": "8mGYXISUwjQ32u3XnLv/T4dBzFxvhoIDVsQ7xAIZxRinZlT34mebymFlZPtaYs2NjaBcpNB1yb04Ir7LK8yUVA==",
            "secondary_blob_connection_string": "",
            "secondary_blob_endpoint": null,
            "secondary_blob_host": null,
            "secondary_connection_string": "DefaultEndpointsProtocol=https;AccountName=hdrzjxep5c53pa9u;AccountKey=8mGYXISUwjQ32u3XnLv/T4dBzFxvhoIDVsQ7xAIZxRinZlT34mebymFlZPtaYs2NjaBcpNB1yb04Ir7LK8yUVA==;EndpointSuffix=core.windows.net",
            "secondary_dfs_endpoint": null,
            "secondary_dfs_host": null,
            "secondary_file_endpoint": null,
            "secondary_file_host": null,
            "secondary_location": "",
            "secondary_queue_endpoint": null,
            "secondary_queue_host": null,
            "secondary_table_endpoint": null,
            "secondary_table_host": null,
            "secondary_web_endpoint": null,
            "secondary_web_host": null,
            "static_website": [],
            "tags": {},
            "timeouts": null
          },
          "private": "eyJlMmJmYjczMC1lY2FhLTExZTYtOGY4OC0zNDM2M2JjN2M0YzAiOnsiY3JlYXRlIjozNjAwMDAwMDAwMDAwLCJkZWxldGUiOjM2MDAwMDAwMDAwMDAsInJlYWQiOjMwMDAwMDAwMDAwMCwidXBkYXRlIjozNjAwMDAwMDAwMDAwfSwic2NoZW1hX3ZlcnNpb24iOiIyIn0=",
          "dependencies": [
            "azurerm_resource_group.rg",
            "random_string.storage_name"
          ]
        }
      ]
    },
    {
      "mode": "managed",
      "type": "azurerm_storage_blob",
      "name": "storage_blob",
      "provider": "provider[\"registry.terraform.io/hashicorp/azurerm\"]",
      "instances": [
        {
          "schema_version": 1,
          "attributes": {
            "access_tier": "Hot",
            "content_type": "application/octet-stream",
            "id": "https://hdrzjxep5c53pa9u.blob.core.windows.net/func/dist.zip",
            "metadata": {},
            "name": "dist.zip",
            "parallelism": 8,
            "size": 0,
            "source": "./dist.zip",
            "source_content": null,
            "source_uri": null,
            "storage_account_name": "hdrzjxep5c53pa9u",
            "storage_container_name": "func",
            "timeouts": null,
            "type": "Block",
            "url": "https://hdrzjxep5c53pa9u.blob.core.windows.net/func/dist.zip"
          },
          "private": "eyJlMmJmYjczMC1lY2FhLTExZTYtOGY4OC0zNDM2M2JjN2M0YzAiOnsiY3JlYXRlIjoxODAwMDAwMDAwMDAwLCJkZWxldGUiOjE4MDAwMDAwMDAwMDAsInJlYWQiOjMwMDAwMDAwMDAwMCwidXBkYXRlIjoxODAwMDAwMDAwMDAwfSwic2NoZW1hX3ZlcnNpb24iOiIxIn0=",
          "dependencies": [
            "azurerm_storage_account.storage",
            "azurerm_storage_container.storage_container"
          ]
        }
      ]
    },
    {
      "mode": "managed",
      "type": "azurerm_storage_container",
      "name": "storage_container",
      "provider": "provider[\"registry.terraform.io/hashicorp/azurerm\"]",
      "instances": [
        {
          "schema_version": 1,
          "attributes": {
            "container_access_type": "private",
            "has_immutability_policy": false,
            "has_legal_hold": false,
            "id": "https://hdrzjxep5c53pa9u.blob.core.windows.net/func",
            "metadata": {},
            "name": "func",
            "resource_manager_id": "/subscriptions/02d0e06b-ed9d-4ca5-bb9f-0a0243a9c9f2/resourceGroups/AzureFunction/providers/Microsoft.Storage/storageAccounts/hdrzjxep5c53pa9u/blobServices/default/containers/func",
            "storage_account_name": "hdrzjxep5c53pa9u",
            "timeouts": null
          },
          "private": "eyJlMmJmYjczMC1lY2FhLTExZTYtOGY4OC0zNDM2M2JjN2M0YzAiOnsiY3JlYXRlIjoxODAwMDAwMDAwMDAwLCJkZWxldGUiOjE4MDAwMDAwMDAwMDAsInJlYWQiOjMwMDAwMDAwMDAwMCwidXBkYXRlIjoxODAwMDAwMDAwMDAwfSwic2NoZW1hX3ZlcnNpb24iOiIxIn0=",
          "dependencies": [
            "azurerm_resource_group.rg",
            "azurerm_storage_account.storage",
            "random_string.storage_name"
          ]
        }
      ]
    },
    {
      "mode": "managed",
      "type": "random_string",
      "name": "app_service_plan_name",
      "provider": "provider[\"registry.terraform.io/hashicorp/random\"]",
      "instances": [
        {
          "schema_version": 1,
          "attributes": {
            "id": "iIROmUtFLAUDfZL7",
            "keepers": null,
            "length": 16,
            "lower": true,
            "min_lower": 0,
            "min_numeric": 0,
            "min_special": 0,
            "min_upper": 0,
            "number": true,
            "override_special": null,
            "result": "iIROmUtFLAUDfZL7",
            "special": false,
            "upper": true
          },
          "private": "eyJzY2hlbWFfdmVyc2lvbiI6IjEifQ=="
        }
      ]
    },
    {
      "mode": "managed",
      "type": "random_string",
      "name": "function_name",
      "provider": "provider[\"registry.terraform.io/hashicorp/random\"]",
      "instances": [
        {
          "schema_version": 1,
          "attributes": {
            "id": "umnr07w4fifdttbs",
            "keepers": null,
            "length": 16,
            "lower": true,
            "min_lower": 0,
            "min_numeric": 0,
            "min_special": 0,
            "min_upper": 0,
            "number": true,
            "override_special": null,
            "result": "umnr07w4fifdttbs",
            "special": false,
            "upper": false
          },
          "private": "eyJzY2hlbWFfdmVyc2lvbiI6IjEifQ=="
        }
      ]
    },
    {
      "mode": "managed",
      "type": "random_string",
      "name": "storage_name",
      "provider": "provider[\"registry.terraform.io/hashicorp/random\"]",
      "instances": [
        {
          "schema_version": 1,
          "attributes": {
            "id": "hdrzjxep5c53pa9u",
            "keepers": null,
            "length": 16,
            "lower": true,
            "min_lower": 0,
            "min_numeric": 0,
            "min_special": 0,
            "min_upper": 0,
            "number": true,
            "override_special": null,
            "result": "hdrzjxep5c53pa9u",
            "special": false,
            "upper": false
          },
          "private": "eyJzY2hlbWFfdmVyc2lvbiI6IjEifQ=="
        }
      ]
    }
  ]
}
